
Microsoft Visual Studio Solution File, Format Version 12.00
# Visual Studio Version 16
VisualStudioVersion = 16.0.29512.175
MinimumVisualStudioVersion = 10.0.40219.1
Project("{FAE04EC0-301F-11D3-BF4B-00C04F79EFBC}") = "CodingBackProp", "CodingBackProp\CodingBackProp.csproj", "{B90189FD-DFA4-49B8-9BA9-CD8A312E7955}"
EndProject
Project("{FAE04EC0-301F-11D3-BF4B-00C04F79EFBC}") = "RetroPropagacao", "RetroPropagacao\RetroPropagacao.csproj", "{75581B40-04DF-422C-8002-1806E722B56C}"
EndProject
Global
	GlobalSection(SolutionConfigurationPlatforms) = preSolution
		Debug|Any CPU = Debug|Any CPU
		Release|Any CPU = Release|Any CPU
	EndGlobalSection
	GlobalSection(ProjectConfigurationPlatforms) = postSolution
		{B90189FD-DFA4-49B8-9BA9-CD8A312E7955}.Debug|Any CPU.ActiveCfg = Debug|Any CPU
		{B90189FD-DFA4-49B8-9BA9-CD8A312E7955}.Debug|Any CPU.Build.0 = Debug|Any CPU
		{B90189FD-DFA4-49B8-9BA9-CD8A312E7955}.Release|Any CPU.ActiveCfg = Release|Any CPU
		{B90189FD-DFA4-49B8-9BA9-CD8A312E7955}.Release|Any CPU.Build.0 = Release|Any CPU
		{75581B40-04DF-422C-8002-1806E722B56C}.Debug|Any CPU.ActiveCfg = Debug|Any CPU
		{75581B40-04DF-422C-8002-1806E722B56C}.Debug|Any CPU.Build.0 = Debug|Any CPU
		{75581B40-04DF-422C-8002-1806E722B56C}.Release|Any CPU.ActiveCfg = Release|Any CPU
		{75581B40-04DF-422C-8002-1806E722B56C}.Release|Any CPU.Build.0 = Release|Any CPU
	EndGlobalSection
	GlobalSection(SolutionProperties) = preSolution
		HideSolutionNode = FALSE
	EndGlobalSection
	GlobalSection(ExtensibilityGlobals) = postSolution
		SolutionGuid = {02BD0EFD-23AC-4550-86C9-7A08ED6A38DA}
	EndGlobalSection
EndGlobal
